// !$*UTF8*$!
{
	archiveVersion = 1;
	classes = {
	};
	objectVersion = 48;
	objects = {

/* Begin PBXBuildFile section */
		C9B248BC1FCB067A00F56D70 /* AppDelegate.swift in Sources */ = {isa = PBXBuildFile; fileRef = C9B248BB1FCB067A00F56D70 /* AppDelegate.swift */; };
		C9B248BE1FCB067A00F56D70 /* ViewController.swift in Sources */ = {isa = PBXBuildFile; fileRef = C9B248BD1FCB067A00F56D70 /* ViewController.swift */; };
		C9B248C11FCB067A00F56D70 /* Main.storyboard in Resources */ = {isa = PBXBuildFile; fileRef = C9B248BF1FCB067A00F56D70 /* Main.storyboard */; };
		C9B248C31FCB067A00F56D70 /* Assets.xcassets in Resources */ = {isa = PBXBuildFile; fileRef = C9B248C21FCB067A00F56D70 /* Assets.xcassets */; };
		C9B248C61FCB067A00F56D70 /* LaunchScreen.storyboard in Resources */ = {isa = PBXBuildFile; fileRef = C9B248C41FCB067A00F56D70 /* LaunchScreen.storyboard */; };
		C9B248CE1FCB09B900F56D70 /* StickyHeader.swift in Sources */ = {isa = PBXBuildFile; fileRef = C9B248CD1FCB09B900F56D70 /* StickyHeader.swift */; };
		C9B248D01FCB09D400F56D70 /* StickyHeaderView.swift in Sources */ = {isa = PBXBuildFile; fileRef = C9B248CF1FCB09D400F56D70 /* StickyHeaderView.swift */; };
		C9B248D31FCB09FE00F56D70 /* MyHeaderView.swift in Sources */ = {isa = PBXBuildFile; fileRef = C9B248D21FCB09FE00F56D70 /* MyHeaderView.swift */; };
		C9B248D51FCB0A1700F56D70 /* MyHeaderView.xib in Resources */ = {isa = PBXBuildFile; fileRef = C9B248D41FCB0A1700F56D70 /* MyHeaderView.xib */; };
/* End PBXBuildFile section */

/* Begin PBXFileReference section */
		C9B248B81FCB067A00F56D70 /* TableStickyViewExample.app */ = {isa = PBXFileReference; explicitFileType = wrapper.application; includeInIndex = 0; path = TableStickyViewExample.app; sourceTree = BUILT_PRODUCTS_DIR; };
		C9B248BB1FCB067A00F56D70 /* AppDelegate.swift */ = {isa = PBXFileReference; lastKnownFileType = sourcecode.swift; path = AppDelegate.swift; sourceTree = "<group>"; };
		C9B248BD1FCB067A00F56D70 /* ViewController.swift */ = {isa = PBXFileReference; lastKnownFileType = sourcecode.swift; path = ViewController.swift; sourceTree = "<group>"; };
		C9B248C01FCB067A00F56D70 /* Base */ = {isa = PBXFileReference; lastKnownFileType = file.storyboard; name = Base; path = Base.lproj/Main.storyboard; sourceTree = "<group>"; };
		C9B248C21FCB067A00F56D70 /* Assets.xcassets */ = {isa = PBXFileReference; lastKnownFileType = folder.assetcatalog; path = Assets.xcassets; sourceTree = "<group>"; };
		C9B248C51FCB067A00F56D70 /* Base */ = {isa = PBXFileReference; lastKnownFileType = file.storyboard; name = Base; path = Base.lproj/LaunchScreen.storyboard; sourceTree = "<group>"; };
		C9B248C71FCB067A00F56D70 /* Info.plist */ = {isa = PBXFileReference; lastKnownFileType = text.plist.xml; path = Info.plist; sourceTree = "<group>"; };
		C9B248CD1FCB09B900F56D70 /* StickyHeader.swift */ = {isa = PBXFileReference; lastKnownFileType = sourcecode.swift; path = StickyHeader.swift; sourceTree = "<group>"; };
		C9B248CF1FCB09D400F56D70 /* StickyHeaderView.swift */ = {isa = PBXFileReference; lastKnownFileType = sourcecode.swift; path = StickyHeaderView.swift; sourceTree = "<group>"; };
		C9B248D21FCB09FE00F56D70 /* MyHeaderView.swift */ = {isa = PBXFileReference; lastKnownFileType = sourcecode.swift; path = MyHeaderView.swift; sourceTree = "<group>"; };
		C9B248D41FCB0A1700F56D70 /* MyHeaderView.xib */ = {isa = PBXFileReference; lastKnownFileType = file.xib; path = MyHeaderView.xib; sourceTree = "<group>"; };
/* End PBXFileReference section */

/* Begin PBXFrameworksBuildPhase section */
		C9B248B51FCB067A00F56D70 /* Frameworks */ = {
			isa = PBXFrameworksBuildPhase;
			buildActionMask = 2147483647;
			files = (
			);
			runOnlyForDeploymentPostprocessing = 0;
		};
/* End PBXFrameworksBuildPhase section */

/* Begin PBXGroup section */
		C9B248AF1FCB067A00F56D70 = {
			isa = PBXGroup;
			children = (
				C9B248BA1FCB067A00F56D70 /* TableStickyViewExample */,
				C9B248B91FCB067A00F56D70 /* Products */,
			);
			sourceTree = "<group>";
		};
		C9B248B91FCB067A00F56D70 /* Products */ = {
			isa = PBXGroup;
			children = (
				C9B248B81FCB067A00F56D70 /* TableStickyViewExample.app */,
			);
			name = Products;
			sourceTree = "<group>";
		};
		C9B248BA1FCB067A00F56D70 /* TableStickyViewExample */ = {
			isa = PBXGroup;
			children = (
				C9B248D11FCB09DA00F56D70 /* sticky header */,
				C9B248BB1FCB067A00F56D70 /* AppDelegate.swift */,
				C9B248BD1FCB067A00F56D70 /* ViewController.swift */,
				C9B248BF1FCB067A00F56D70 /* Main.storyboard */,
				C9B248C21FCB067A00F56D70 /* Assets.xcassets */,
				C9B248C41FCB067A00F56D70 /* LaunchScreen.storyboard */,
				C9B248C71FCB067A00F56D70 /* Info.plist */,
				C9B248D21FCB09FE00F56D70 /* MyHeaderView.swift */,
				C9B248D41FCB0A1700F56D70 /* MyHeaderView.xib */,
			);
			path = TableStickyViewExample;
			sourceTree = "<group>";
		};
		C9B248D11FCB09DA00F56D70 /* sticky header */ = {
			isa = PBXGroup;
			children = (
				C9B248CD1FCB09B900F56D70 /* StickyHeader.swift */,
				C9B248CF1FCB09D400F56D70 /* StickyHeaderView.swift */,
			);
			path = "sticky header";
			sourceTree = "<group>";
		};
/* End PBXGroup section */

/* Begin PBXNativeTarget section */
		C9B248B71FCB067A00F56D70 /* TableStickyViewExample */ = {
			isa = PBXNativeTarget;
			buildConfigurationList = C9B248CA1FCB067A00F56D70 /* Build configuration list for PBXNativeTarget "TableStickyViewExample" */;
			buildPhases = (
				C9B248B41FCB067A00F56D70 /* Sources */,
				C9B248B51FCB067A00F56D70 /* Frameworks */,
				C9B248B61FCB067A00F56D70 /* Resources */,
			);
			buildRules = (
			);
			dependencies = (
			);
			name = TableStickyViewExample;
			productName = TableStickyViewExample;
			productReference = C9B248B81FCB067A00F56D70 /* TableStickyViewExample.app */;
			productType = "com.apple.product-type.application";
		};
/* End PBXNativeTarget section */

/* Begin PBXProject section */
		C9B248B01FCB067A00F56D70 /* Project object */ = {
			isa = PBXProject;
			attributes = {
				LastSwiftUpdateCheck = 0910;
				LastUpgradeCheck = 0910;
				ORGANIZATIONNAME = demirciy;
				TargetAttributes = {
					C9B248B71FCB067A00F56D70 = {
						CreatedOnToolsVersion = 9.1;
						ProvisioningStyle = Automatic;
					};
				};
			};
			buildConfigurationList = C9B248B31FCB067A00F56D70 /* Build configuration list for PBXProject "TableStickyViewExample" */;
			compatibilityVersion = "Xcode 8.0";
			developmentRegion = en;
			hasScannedForEncodings = 0;
			knownRegions = (
				en,
				Base,
			);
			mainGroup = C9B248AF1FCB067A00F56D70;
			productRefGroup = C9B248B91FCB067A00F56D70 /* Products */;
			projectDirPath = "";
			projectRoot = "";
			targets = (
				C9B248B71FCB067A00F56D70 /* TableStickyViewExample */,
			);
		};
/* End PBXProject section */

/* Begin PBXResourcesBuildPhase section */
		C9B248B61FCB067A00F56D70 /* Resources */ = {
			isa = PBXResourcesBuildPhase;
			buildActionMask = 2147483647;
			files = (
				C9B248C61FCB067A00F56D70 /* LaunchScreen.storyboard in Resources */,
				C9B248C31FCB067A00F56D70 /* Assets.xcassets in Resources */,
				C9B248C11FCB067A00F56D70 /* Main.storyboard in Resources */,
				C9B248D51FCB0A1700F56D70 /* MyHeaderView.xib in Resources */,
			);
			runOnlyForDeploymentPostprocessing = 0;
		};
/* End PBXResourcesBuildPhase section */

/* Begin PBXSourcesBuildPhase section */
		C9B248B41FCB067A00F56D70 /* Sources */ = {
			isa = PBXSourcesBuildPhase;
			buildActionMask = 2147483647;
			files = (
				C9B248D31FCB09FE00F56D70 /* MyHeaderView.swift in Sources */,
				C9B248D01FCB09D400F56D70 /* StickyHeaderView.swift in Sources */,
				C9B248CE1FCB09B900F56D70 /* StickyHeader.swift in Sources */,
				C9B248BE1FCB067A00F56D70 /* ViewController.swift in Sources */,
				C9B248BC1FCB067A00F56D70 /* AppDelegate.swift in Sources */,
			);
			runOnlyForDeploymentPostprocessing = 0;
		};
/* End PBXSourcesBuildPhase section */

/* Begin PBXVariantGroup section */
		C9B248BF1FCB067A00F56D70 /* Main.storyboard */ = {
			isa = PBXVariantGroup;
			children = (
				C9B248C01FCB067A00F56D70 /* Base */,
			);
			name = Main.storyboard;
			sourceTree = "<group>";
		};
		C9B248C41FCB067A00F56D70 /* LaunchScreen.storyboard */ = {
			isa = PBXVariantGroup;
			children = (
				C9B248C51FCB067A00F56D70 /* Base */,
			);
			name = LaunchScreen.storyboard;
			sourceTree = "<group>";
		};
/* End PBXVariantGroup section */

/* Begin XCBuildConfiguration section */
		C9B248C81FCB067A00F56D70 /* Debug */ = {
			isa = XCBuildConfiguration;
			buildSettings = {
				ALWAYS_SEARCH_USER_PATHS = NO;
				CLANG_ANALYZER_NONNULL = YES;
				CLANG_ANALYZER_NUMBER_OBJECT_CONVERSION = YES_AGGRESSIVE;
				CLANG_CXX_LANGUAGE_STANDARD = "gnu++14";
				CLANG_CXX_LIBRARY = "libc++";
				CLANG_ENABLE_MODULES = YES;
				CLANG_ENABLE_OBJC_ARC = YES;
				CLANG_WARN_BLOCK_CAPTURE_AUTORELEASING = YES;
				CLANG_WARN_BOOL_CONVERSION = YES;
				CLANG_WARN_COMMA = YES;
				CLANG_WARN_CONSTANT_CONVERSION = YES;
				CLANG_WARN_DIRECT_OBJC_ISA_USAGE = YES_ERROR;
				CLANG_WARN_DOCUMENTATION_COMMENTS = YES;
				CLANG_WARN_EMPTY_BODY = YES;
				CLANG_WARN_ENUM_CONVERSION = YES;
				CLANG_WARN_INFINITE_RECURSION = YES;
				CLANG_WARN_INT_CONVERSION = YES;
				CLANG_WARN_NON_LITERAL_NULL_CONVERSION = YES;
				CLANG_WARN_OBJC_LITERAL_CONVERSION = YES;
				CLANG_WARN_OBJC_ROOT_CLASS = YES_ERROR;
				CLANG_WARN_RANGE_LOOP_ANALYSIS = YES;
				CLANG_WARN_STRICT_PROTOTYPES = YES;
				CLANG_WARN_SUSPICIOUS_MOVE = YES;
				CLANG_WARN_UNGUARDED_AVAILABILITY = YES_AGGRESSIVE;
				CLANG_WARN_UNREACHABLE_CODE = YES;
				CLANG_WARN__DUPLICATE_METHOD_MATCH = YES;
				CODE_SIGN_IDENTITY = "iPhone Developer";
				COPY_PHASE_STRIP = NO;
				DEBUG_INFORMATION_FORMAT = dwarf;
				ENABLE_STRICT_OBJC_MSGSEND = YES;
				ENABLE_TESTABILITY = YES;
				GCC_C_LANGUAGE_STANDARD = gnu11;
				GCC_DYNAMIC_NO_PIC = NO;
				GCC_NO_COMMON_BLOCKS = YES;
				GCC_OPTIMIZATION_LEVEL = 0;
				GCC_PREPROCESSOR_DEFINITIONS = (
					"DEBUG=1",
					"$(inherited)",
				);
				GCC_WARN_64_TO_32_BIT_CONVERSION = YES;
				GCC_WARN_ABOUT_RETURN_TYPE = YES_ERROR;
				GCC_WARN_UNDECLARED_SELECTOR = YES;
				GCC_WARN_UNINITIALIZED_AUTOS = YES_AGGRESSIVE;
				GCC_WARN_UNUSED_FUNCTION = YES;
				GCC_WARN_UNUSED_VARIABLE = YES;
				IPHONEOS_DEPLOYMENT_TARGET = 11.1;
				MTL_ENABLE_DEBUG_INFO = YES;
				ONLY_ACTIVE_ARCH = YES;
				SDKROOT = iphoneos;
				SWIFT_ACTIVE_COMPILATION_CONDITIONS = DEBUG;
				SWIFT_OPTIMIZATION_LEVEL = "-Onone";
			};
			name = Debug;
		};
		C9B248C91FCB067A00F56D70 /* Release */ = {
			isa = XCBuildConfiguration;
			buildSettings = {
				ALWAYS_SEARCH_USER_PATHS = NO;
				CLANG_ANALYZER_NONNULL = YES;
				CLANG_ANALYZER_NUMBER_OBJECT_CONVERSION = YES_AGGRESSIVE;
				CLANG_CXX_LANGUAGE_STANDARD = "gnu++14";
				CLANG_CXX_LIBRARY = "libc++";
				CLANG_ENABLE_MODULES = YES;
				CLANG_ENABLE_OBJC_ARC = YES;
				CLANG_WARN_BLOCK_CAPTURE_AUTORELEASING = YES;
				CLANG_WARN_BOOL_CONVERSION = YES;
				CLANG_WARN_COMMA = YES;
				CLANG_WARN_CONSTANT_CONVERSION = YES;
				CLANG_WARN_DIRECT_OBJC_ISA_USAGE = YES_ERROR;
				CLANG_WARN_DOCUMENTATION_COMMENTS = YES;
				CLANG_WARN_EMPTY_BODY = YES;
				CLANG_WARN_ENUM_CONVERSION = YES;
				CLANG_WARN_INFINITE_RECURSION = YES;
				CLANG_WARN_INT_CONVERSION = YES;
				CLANG_WARN_NON_LITERAL_NULL_CONVERSION = YES;
				CLANG_WARN_OBJC_LITERAL_CONVERSION = YES;
				CLANG_WARN_OBJC_ROOT_CLASS = YES_ERROR;
				CLANG_WARN_RANGE_LOOP_ANALYSIS = YES;
				CLANG_WARN_STRICT_PROTOTYPES = YES;
				CLANG_WARN_SUSPICIOUS_MOVE = YES;
				CLANG_WARN_UNGUARDED_AVAILABILITY = YES_AGGRESSIVE;
				CLANG_WARN_UNREACHABLE_CODE = YES;
				CLANG_WARN__DUPLICATE_METHOD_MATCH = YES;
				CODE_SIGN_IDENTITY = "iPhone Developer";
				COPY_PHASE_STRIP = NO;
				DEBUG_INFORMATION_FORMAT = "dwarf-with-dsym";
				ENABLE_NS_ASSERTIONS = NO;
				ENABLE_STRICT_OBJC_MSGSEND = YES;
				GCC_C_LANGUAGE_STANDARD = gnu11;
				GCC_NO_COMMON_BLOCKS = YES;
				GCC_WARN_64_TO_32_BIT_CONVERSION = YES;
				GCC_WARN_ABOUT_RETURN_TYPE = YES_ERROR;
				GCC_WARN_UNDECLARED_SELECTOR = YES;
				GCC_WARN_UNINITIALIZED_AUTOS = YES_AGGRESSIVE;
				GCC_WARN_UNUSED_FUNCTION = YES;
				GCC_WARN_UNUSED_VARIABLE = YES;
				IPHONEOS_DEPLOYMENT_TARGET = 11.1;
				MTL_ENABLE_DEBUG_INFO = NO;
				SDKROOT = iphoneos;
				SWIFT_OPTIMIZATION_LEVEL = "-Owholemodule";
				VALIDATE_PRODUCT = YES;
			};
			name = Release;
		};
		C9B248CB1FCB067A00F56D70 /* Debug */ = {
			isa = XCBuildConfiguration;
			buildSettings = {
				ASSETCATALOG_COMPILER_APPICON_NAME = AppIcon;
				CODE_SIGN_STYLE = Automatic;
				DEVELOPMENT_TEAM = WL6ERJVJSX;
				INFOPLIST_FILE = TableStickyViewExample/Info.plist;
				LD_RUNPATH_SEARCH_PATHS = "$(inherited) @executable_path/Frameworks";
				PRODUCT_BUNDLE_IDENTIFIER = com.demirciy.TableStickyViewExample;
				PRODUCT_NAME = "$(TARGET_NAME)";
				SWIFT_VERSION = 4.0;
				TARGETED_DEVICE_FAMILY = "1,2";
			};
			name = Debug;
		};
		C9B248CC1FCB067A00F56D70 /* Release */ = {
			isa = XCBuildConfiguration;
			buildSettings = {
				ASSETCATALOG_COMPILER_APPICON_NAME = AppIcon;
				CODE_SIGN_STYLE = Automatic;
				DEVELOPMENT_TEAM = WL6ERJVJSX;
				INFOPLIST_FILE = TableStickyViewExample/Info.plist;
				LD_RUNPATH_SEARCH_PATHS = "$(inherited) @executable_path/Frameworks";
				PRODUCT_BUNDLE_IDENTIFIER = com.demirciy.TableStickyViewExample;
				PRODUCT_NAME = "$(TARGET_NAME)";
				SWIFT_VERSION = 4.0;
				TARGETED_DEVICE_FAMILY = "1,2";
			};
			name = Release;
		};
/* End XCBuildConfiguration section */

/* Begin XCConfigurationList section */
		C9B248B31FCB067A00F56D70 /* Build configuration list for PBXProject "TableStickyViewExample" */ = {
			isa = XCConfigurationList;
			buildConfigurations = (
				C9B248C81FCB067A00F56D70 /* Debug */,
				C9B248C91FCB067A00F56D70 /* Release */,
			);
			defaultConfigurationIsVisible = 0;
			defaultConfigurationName = Release;
		};
		C9B248CA1FCB067A00F56D70 /* Build configuration list for PBXNativeTarget "TableStickyViewExample" */ = {
			isa = XCConfigurationList;
			buildConfigurations = (
				C9B248CB1FCB067A00F56D70 /* Debug */,
				C9B248CC1FCB067A00F56D70 /* Release */,
			);
			defaultConfigurationIsVisible = 0;
			defaultConfigurationName = Release;
		};
/* End XCConfigurationList section */
	};
	rootObject = C9B248B01FCB067A00F56D70 /* Project object */;
}
